
Microsoft Visual Studio Solution File, Format Version 12.00
# Visual Studio 2012
Project("{D954291E-2A0B-460D-934E-DC6B0785DB48}") = "FSharpFibonacci", "FSharpFibonacci\FSharpFibonacci.shproj", "{1859B838-421B-4EC1-9B8B-46C93F0B873E}"
EndProject
Project("{f2a71f9b-5d33-465a-a702-920d77279786}") = "FSharpFibonacci.iOS", "iOS\FSharpFibonacci.iOS.fsproj", "{165FF4ED-6C30-414C-A916-A2FD5929CA59}"
EndProject
Project("{f2a71f9b-5d33-465a-a702-920d77279786}") = "FSharpFibonacci.Droid", "Droid\FSharpFibonacci.Droid.fsproj", "{09B14177-F392-4CC7-A1E5-79EB0771AD47}"
EndProject
Global
	GlobalSection(SolutionConfigurationPlatforms) = preSolution
		Debug|iPhoneSimulator = Debug|iPhoneSimulator
		Release|iPhone = Release|iPhone
		Release|iPhoneSimulator = Release|iPhoneSimulator
		Debug|iPhone = Debug|iPhone
		Debug|Any CPU = Debug|Any CPU
		Release|Any CPU = Release|Any CPU
	EndGlobalSection
	GlobalSection(ProjectConfigurationPlatforms) = postSolution
		{165FF4ED-6C30-414C-A916-A2FD5929CA59}.Debug|iPhoneSimulator.ActiveCfg = Debug|iPhoneSimulator
		{165FF4ED-6C30-414C-A916-A2FD5929CA59}.Debug|iPhoneSimulator.Build.0 = Debug|iPhoneSimulator
		{165FF4ED-6C30-414C-A916-A2FD5929CA59}.Release|iPhone.ActiveCfg = Release|iPhone
		{165FF4ED-6C30-414C-A916-A2FD5929CA59}.Release|iPhone.Build.0 = Release|iPhone
		{165FF4ED-6C30-414C-A916-A2FD5929CA59}.Release|iPhoneSimulator.ActiveCfg = Release|iPhoneSimulator
		{165FF4ED-6C30-414C-A916-A2FD5929CA59}.Release|iPhoneSimulator.Build.0 = Release|iPhoneSimulator
		{165FF4ED-6C30-414C-A916-A2FD5929CA59}.Debug|iPhone.ActiveCfg = Debug|iPhone
		{165FF4ED-6C30-414C-A916-A2FD5929CA59}.Debug|iPhone.Build.0 = Debug|iPhone
		{165FF4ED-6C30-414C-A916-A2FD5929CA59}.Debug|Any CPU.ActiveCfg = Debug|iPhoneSimulator
		{165FF4ED-6C30-414C-A916-A2FD5929CA59}.Debug|Any CPU.Build.0 = Debug|iPhoneSimulator
		{165FF4ED-6C30-414C-A916-A2FD5929CA59}.Release|Any CPU.ActiveCfg = Release|iPhone
		{165FF4ED-6C30-414C-A916-A2FD5929CA59}.Release|Any CPU.Build.0 = Release|iPhone
		{09B14177-F392-4CC7-A1E5-79EB0771AD47}.Debug|iPhoneSimulator.ActiveCfg = Debug|Any CPU
		{09B14177-F392-4CC7-A1E5-79EB0771AD47}.Debug|iPhoneSimulator.Build.0 = Debug|Any CPU
		{09B14177-F392-4CC7-A1E5-79EB0771AD47}.Release|iPhone.ActiveCfg = Release|Any CPU
		{09B14177-F392-4CC7-A1E5-79EB0771AD47}.Release|iPhone.Build.0 = Release|Any CPU
		{09B14177-F392-4CC7-A1E5-79EB0771AD47}.Release|iPhoneSimulator.ActiveCfg = Release|Any CPU
		{09B14177-F392-4CC7-A1E5-79EB0771AD47}.Release|iPhoneSimulator.Build.0 = Release|Any CPU
		{09B14177-F392-4CC7-A1E5-79EB0771AD47}.Debug|iPhone.ActiveCfg = Debug|Any CPU
		{09B14177-F392-4CC7-A1E5-79EB0771AD47}.Debug|iPhone.Build.0 = Debug|Any CPU
		{09B14177-F392-4CC7-A1E5-79EB0771AD47}.Debug|Any CPU.ActiveCfg = Debug|Any CPU
		{09B14177-F392-4CC7-A1E5-79EB0771AD47}.Debug|Any CPU.Build.0 = Debug|Any CPU
		{09B14177-F392-4CC7-A1E5-79EB0771AD47}.Release|Any CPU.ActiveCfg = Release|Any CPU
		{09B14177-F392-4CC7-A1E5-79EB0771AD47}.Release|Any CPU.Build.0 = Release|Any CPU
	EndGlobalSection
EndGlobal
